// !$*UTF8*$!
{
	archiveVersion = 1;
	classes = {
	};
	objectVersion = 56;
	objects = {

/* Begin PBXBuildFile section */
		373C32C129C73B0F002F7032 /* LearnApp.swift in Sources */ = {isa = PBXBuildFile; fileRef = 373C32C029C73B0F002F7032 /* LearnApp.swift */; };
		373C32C329C73B0F002F7032 /* ContentView.swift in Sources */ = {isa = PBXBuildFile; fileRef = 373C32C229C73B0F002F7032 /* ContentView.swift */; };
		373C32C529C73B10002F7032 /* Assets.xcassets in Resources */ = {isa = PBXBuildFile; fileRef = 373C32C429C73B10002F7032 /* Assets.xcassets */; };
		373C32C829C73B10002F7032 /* Preview Assets.xcassets in Resources */ = {isa = PBXBuildFile; fileRef = 373C32C729C73B10002F7032 /* Preview Assets.xcassets */; };
		373C32D229C73B11002F7032 /* LearnTests.swift in Sources */ = {isa = PBXBuildFile; fileRef = 373C32D129C73B11002F7032 /* LearnTests.swift */; };
		373C32DC29C73B11002F7032 /* LearnUITests.swift in Sources */ = {isa = PBXBuildFile; fileRef = 373C32DB29C73B11002F7032 /* LearnUITests.swift */; };
		373C32DE29C73B11002F7032 /* LearnUITestsLaunchTests.swift in Sources */ = {isa = PBXBuildFile; fileRef = 373C32DD29C73B11002F7032 /* LearnUITestsLaunchTests.swift */; };
/* End PBXBuildFile section */

/* Begin PBXContainerItemProxy section */
		373C32CE29C73B11002F7032 /* PBXContainerItemProxy */ = {
			isa = PBXContainerItemProxy;
			containerPortal = 373C32B529C73B0F002F7032 /* Project object */;
			proxyType = 1;
			remoteGlobalIDString = 373C32BC29C73B0F002F7032;
			remoteInfo = Learn;
		};
		373C32D829C73B11002F7032 /* PBXContainerItemProxy */ = {
			isa = PBXContainerItemProxy;
			containerPortal = 373C32B529C73B0F002F7032 /* Project object */;
			proxyType = 1;
			remoteGlobalIDString = 373C32BC29C73B0F002F7032;
			remoteInfo = Learn;
		};
/* End PBXContainerItemProxy section */

/* Begin PBXFileReference section */
		373C32BD29C73B0F002F7032 /* Learn.app */ = {isa = PBXFileReference; explicitFileType = wrapper.application; includeInIndex = 0; path = Learn.app; sourceTree = BUILT_PRODUCTS_DIR; };
		373C32C029C73B0F002F7032 /* LearnApp.swift */ = {isa = PBXFileReference; lastKnownFileType = sourcecode.swift; path = LearnApp.swift; sourceTree = "<group>"; };
		373C32C229C73B0F002F7032 /* ContentView.swift */ = {isa = PBXFileReference; lastKnownFileType = sourcecode.swift; path = ContentView.swift; sourceTree = "<group>"; };
		373C32C429C73B10002F7032 /* Assets.xcassets */ = {isa = PBXFileReference; lastKnownFileType = folder.assetcatalog; path = Assets.xcassets; sourceTree = "<group>"; };
		373C32C729C73B10002F7032 /* Preview Assets.xcassets */ = {isa = PBXFileReference; lastKnownFileType = folder.assetcatalog; path = "Preview Assets.xcassets"; sourceTree = "<group>"; };
		373C32CD29C73B11002F7032 /* LearnTests.xctest */ = {isa = PBXFileReference; explicitFileType = wrapper.cfbundle; includeInIndex = 0; path = LearnTests.xctest; sourceTree = BUILT_PRODUCTS_DIR; };
		373C32D129C73B11002F7032 /* LearnTests.swift */ = {isa = PBXFileReference; lastKnownFileType = sourcecode.swift; path = LearnTests.swift; sourceTree = "<group>"; };
		373C32D729C73B11002F7032 /* LearnUITests.xctest */ = {isa = PBXFileReference; explicitFileType = wrapper.cfbundle; includeInIndex = 0; path = LearnUITests.xctest; sourceTree = BUILT_PRODUCTS_DIR; };
		373C32DB29C73B11002F7032 /* LearnUITests.swift */ = {isa = PBXFileReference; lastKnownFileType = sourcecode.swift; path = LearnUITests.swift; sourceTree = "<group>"; };
		373C32DD29C73B11002F7032 /* LearnUITestsLaunchTests.swift */ = {isa = PBXFileReference; lastKnownFileType = sourcecode.swift; path = LearnUITestsLaunchTests.swift; sourceTree = "<group>"; };
/* End PBXFileReference section */

/* Begin PBXFrameworksBuildPhase section */
		373C32BA29C73B0F002F7032 /* Frameworks */ = {
			isa = PBXFrameworksBuildPhase;
			buildActionMask = 2147483647;
			files = (
			);
			runOnlyForDeploymentPostprocessing = 0;
		};
		373C32CA29C73B11002F7032 /* Frameworks */ = {
			isa = PBXFrameworksBuildPhase;
			buildActionMask = 2147483647;
			files = (
			);
			runOnlyForDeploymentPostprocessing = 0;
		};
		373C32D429C73B11002F7032 /* Frameworks */ = {
			isa = PBXFrameworksBuildPhase;
			buildActionMask = 2147483647;
			files = (
			);
			runOnlyForDeploymentPostprocessing = 0;
		};
/* End PBXFrameworksBuildPhase section */

/* Begin PBXGroup section */
		373C32B429C73B0F002F7032 = {
			isa = PBXGroup;
			children = (
				373C32BF29C73B0F002F7032 /* Learn */,
				373C32D029C73B11002F7032 /* LearnTests */,
				373C32DA29C73B11002F7032 /* LearnUITests */,
				373C32BE29C73B0F002F7032 /* Products */,
			);
			sourceTree = "<group>";
		};
		373C32BE29C73B0F002F7032 /* Products */ = {
			isa = PBXGroup;
			children = (
				373C32BD29C73B0F002F7032 /* Learn.app */,
				373C32CD29C73B11002F7032 /* LearnTests.xctest */,
				373C32D729C73B11002F7032 /* LearnUITests.xctest */,
			);
			name = Products;
			sourceTree = "<group>";
		};
		373C32BF29C73B0F002F7032 /* Learn */ = {
			isa = PBXGroup;
			children = (
				373C32C029C73B0F002F7032 /* LearnApp.swift */,
				373C32C229C73B0F002F7032 /* ContentView.swift */,
				373C32C429C73B10002F7032 /* Assets.xcassets */,
				373C32C629C73B10002F7032 /* Preview Content */,
			);
			path = Learn;
			sourceTree = "<group>";
		};
		373C32C629C73B10002F7032 /* Preview Content */ = {
			isa = PBXGroup;
			children = (
				373C32C729C73B10002F7032 /* Preview Assets.xcassets */,
			);
			path = "Preview Content";
			sourceTree = "<group>";
		};
		373C32D029C73B11002F7032 /* LearnTests */ = {
			isa = PBXGroup;
			children = (
				373C32D129C73B11002F7032 /* LearnTests.swift */,
			);
			path = LearnTests;
			sourceTree = "<group>";
		};
		373C32DA29C73B11002F7032 /* LearnUITests */ = {
			isa = PBXGroup;
			children = (
				373C32DB29C73B11002F7032 /* LearnUITests.swift */,
				373C32DD29C73B11002F7032 /* LearnUITestsLaunchTests.swift */,
			);
			path = LearnUITests;
			sourceTree = "<group>";
		};
/* End PBXGroup section */

/* Begin PBXNativeTarget section */
		373C32BC29C73B0F002F7032 /* Learn */ = {
			isa = PBXNativeTarget;
			buildConfigurationList = 373C32E129C73B11002F7032 /* Build configuration list for PBXNativeTarget "Learn" */;
			buildPhases = (
				373C32B929C73B0F002F7032 /* Sources */,
				373C32BA29C73B0F002F7032 /* Frameworks */,
				373C32BB29C73B0F002F7032 /* Resources */,
			);
			buildRules = (
			);
			dependencies = (
			);
			name = Learn;
			productName = Learn;
			productReference = 373C32BD29C73B0F002F7032 /* Learn.app */;
			productType = "com.apple.product-type.application";
		};
		373C32CC29C73B11002F7032 /* LearnTests */ = {
			isa = PBXNativeTarget;
			buildConfigurationList = 373C32E429C73B11002F7032 /* Build configuration list for PBXNativeTarget "LearnTests" */;
			buildPhases = (
				373C32C929C73B11002F7032 /* Sources */,
				373C32CA29C73B11002F7032 /* Frameworks */,
				373C32CB29C73B11002F7032 /* Resources */,
			);
			buildRules = (
			);
			dependencies = (
				373C32CF29C73B11002F7032 /* PBXTargetDependency */,
			);
			name = LearnTests;
			productName = LearnTests;
			productReference = 373C32CD29C73B11002F7032 /* LearnTests.xctest */;
			productType = "com.apple.product-type.bundle.unit-test";
		};
		373C32D629C73B11002F7032 /* LearnUITests */ = {
			isa = PBXNativeTarget;
			buildConfigurationList = 373C32E729C73B11002F7032 /* Build configuration list for PBXNativeTarget "LearnUITests" */;
			buildPhases = (
				373C32D329C73B11002F7032 /* Sources */,
				373C32D429C73B11002F7032 /* Frameworks */,
				373C32D529C73B11002F7032 /* Resources */,
			);
			buildRules = (
			);
			dependencies = (
				373C32D929C73B11002F7032 /* PBXTargetDependency */,
			);
			name = LearnUITests;
			productName = LearnUITests;
			productReference = 373C32D729C73B11002F7032 /* LearnUITests.xctest */;
			productType = "com.apple.product-type.bundle.ui-testing";
		};
/* End PBXNativeTarget section */

/* Begin PBXProject section */
		373C32B529C73B0F002F7032 /* Project object */ = {
			isa = PBXProject;
			attributes = {
				BuildIndependentTargetsInParallel = 1;
				LastSwiftUpdateCheck = 1410;
				LastUpgradeCheck = 1410;
				TargetAttributes = {
					373C32BC29C73B0F002F7032 = {
						CreatedOnToolsVersion = 14.1;
					};
					373C32CC29C73B11002F7032 = {
						CreatedOnToolsVersion = 14.1;
						TestTargetID = 373C32BC29C73B0F002F7032;
					};
					373C32D629C73B11002F7032 = {
						CreatedOnToolsVersion = 14.1;
						TestTargetID = 373C32BC29C73B0F002F7032;
					};
				};
			};
			buildConfigurationList = 373C32B829C73B0F002F7032 /* Build configuration list for PBXProject "Learn" */;
			compatibilityVersion = "Xcode 14.0";
			developmentRegion = en;
			hasScannedForEncodings = 0;
			knownRegions = (
				en,
				Base,
			);
			mainGroup = 373C32B429C73B0F002F7032;
			productRefGroup = 373C32BE29C73B0F002F7032 /* Products */;
			projectDirPath = "";
			projectRoot = "";
			targets = (
				373C32BC29C73B0F002F7032 /* Learn */,
				373C32CC29C73B11002F7032 /* LearnTests */,
				373C32D629C73B11002F7032 /* LearnUITests */,
			);
		};
/* End PBXProject section */

/* Begin PBXResourcesBuildPhase section */
		373C32BB29C73B0F002F7032 /* Resources */ = {
			isa = PBXResourcesBuildPhase;
			buildActionMask = 2147483647;
			files = (
				373C32C829C73B10002F7032 /* Preview Assets.xcassets in Resources */,
				373C32C529C73B10002F7032 /* Assets.xcassets in Resources */,
			);
			runOnlyForDeploymentPostprocessing = 0;
		};
		373C32CB29C73B11002F7032 /* Resources */ = {
			isa = PBXResourcesBuildPhase;
			buildActionMask = 2147483647;
			files = (
			);
			runOnlyForDeploymentPostprocessing = 0;
		};
		373C32D529C73B11002F7032 /* Resources */ = {
			isa = PBXResourcesBuildPhase;
			buildActionMask = 2147483647;
			files = (
			);
			runOnlyForDeploymentPostprocessing = 0;
		};
/* End PBXResourcesBuildPhase section */

/* Begin PBXSourcesBuildPhase section */
		373C32B929C73B0F002F7032 /* Sources */ = {
			isa = PBXSourcesBuildPhase;
			buildActionMask = 2147483647;
			files = (
				373C32C329C73B0F002F7032 /* ContentView.swift in Sources */,
				373C32C129C73B0F002F7032 /* LearnApp.swift in Sources */,
			);
			runOnlyForDeploymentPostprocessing = 0;
		};
		373C32C929C73B11002F7032 /* Sources */ = {
			isa = PBXSourcesBuildPhase;
			buildActionMask = 2147483647;
			files = (
				373C32D229C73B11002F7032 /* LearnTests.swift in Sources */,
			);
			runOnlyForDeploymentPostprocessing = 0;
		};
		373C32D329C73B11002F7032 /* Sources */ = {
			isa = PBXSourcesBuildPhase;
			buildActionMask = 2147483647;
			files = (
				373C32DC29C73B11002F7032 /* LearnUITests.swift in Sources */,
				373C32DE29C73B11002F7032 /* LearnUITestsLaunchTests.swift in Sources */,
			);
			runOnlyForDeploymentPostprocessing = 0;
		};
/* End PBXSourcesBuildPhase section */

/* Begin PBXTargetDependency section */
		373C32CF29C73B11002F7032 /* PBXTargetDependency */ = {
			isa = PBXTargetDependency;
			target = 373C32BC29C73B0F002F7032 /* Learn */;
			targetProxy = 373C32CE29C73B11002F7032 /* PBXContainerItemProxy */;
		};
		373C32D929C73B11002F7032 /* PBXTargetDependency */ = {
			isa = PBXTargetDependency;
			target = 373C32BC29C73B0F002F7032 /* Learn */;
			targetProxy = 373C32D829C73B11002F7032 /* PBXContainerItemProxy */;
		};
/* End PBXTargetDependency section */

/* Begin XCBuildConfiguration section */
		373C32DF29C73B11002F7032 /* Debug */ = {
			isa = XCBuildConfiguration;
			buildSettings = {
				ALWAYS_SEARCH_USER_PATHS = NO;
				CLANG_ANALYZER_NONNULL = YES;
				CLANG_ANALYZER_NUMBER_OBJECT_CONVERSION = YES_AGGRESSIVE;
				CLANG_CXX_LANGUAGE_STANDARD = "gnu++20";
				CLANG_ENABLE_MODULES = YES;
				CLANG_ENABLE_OBJC_ARC = YES;
				CLANG_ENABLE_OBJC_WEAK = YES;
				CLANG_WARN_BLOCK_CAPTURE_AUTORELEASING = YES;
				CLANG_WARN_BOOL_CONVERSION = YES;
				CLANG_WARN_COMMA = YES;
				CLANG_WARN_CONSTANT_CONVERSION = YES;
				CLANG_WARN_DEPRECATED_OBJC_IMPLEMENTATIONS = YES;
				CLANG_WARN_DIRECT_OBJC_ISA_USAGE = YES_ERROR;
				CLANG_WARN_DOCUMENTATION_COMMENTS = YES;
				CLANG_WARN_EMPTY_BODY = YES;
				CLANG_WARN_ENUM_CONVERSION = YES;
				CLANG_WARN_INFINITE_RECURSION = YES;
				CLANG_WARN_INT_CONVERSION = YES;
				CLANG_WARN_NON_LITERAL_NULL_CONVERSION = YES;
				CLANG_WARN_OBJC_IMPLICIT_RETAIN_SELF = YES;
				CLANG_WARN_OBJC_LITERAL_CONVERSION = YES;
				CLANG_WARN_OBJC_ROOT_CLASS = YES_ERROR;
				CLANG_WARN_QUOTED_INCLUDE_IN_FRAMEWORK_HEADER = YES;
				CLANG_WARN_RANGE_LOOP_ANALYSIS = YES;
				CLANG_WARN_STRICT_PROTOTYPES = YES;
				CLANG_WARN_SUSPICIOUS_MOVE = YES;
				CLANG_WARN_UNGUARDED_AVAILABILITY = YES_AGGRESSIVE;
				CLANG_WARN_UNREACHABLE_CODE = YES;
				CLANG_WARN__DUPLICATE_METHOD_MATCH = YES;
				COPY_PHASE_STRIP = NO;
				DEBUG_INFORMATION_FORMAT = dwarf;
				ENABLE_STRICT_OBJC_MSGSEND = YES;
				ENABLE_TESTABILITY = YES;
				GCC_C_LANGUAGE_STANDARD = gnu11;
				GCC_DYNAMIC_NO_PIC = NO;
				GCC_NO_COMMON_BLOCKS = YES;
				GCC_OPTIMIZATION_LEVEL = 0;
				GCC_PREPROCESSOR_DEFINITIONS = (
					"DEBUG=1",
					"$(inherited)",
				);
				GCC_WARN_64_TO_32_BIT_CONVERSION = YES;
				GCC_WARN_ABOUT_RETURN_TYPE = YES_ERROR;
				GCC_WARN_UNDECLARED_SELECTOR = YES;
				GCC_WARN_UNINITIALIZED_AUTOS = YES_AGGRESSIVE;
				GCC_WARN_UNUSED_FUNCTION = YES;
				GCC_WARN_UNUSED_VARIABLE = YES;
				IPHONEOS_DEPLOYMENT_TARGET = 16.1;
				MTL_ENABLE_DEBUG_INFO = INCLUDE_SOURCE;
				MTL_FAST_MATH = YES;
				ONLY_ACTIVE_ARCH = YES;
				SDKROOT = iphoneos;
				SWIFT_ACTIVE_COMPILATION_CONDITIONS = DEBUG;
				SWIFT_OPTIMIZATION_LEVEL = "-Onone";
			};
			name = Debug;
		};
		373C32E029C73B11002F7032 /* Release */ = {
			isa = XCBuildConfiguration;
			buildSettings = {
				ALWAYS_SEARCH_USER_PATHS = NO;
				CLANG_ANALYZER_NONNULL = YES;
				CLANG_ANALYZER_NUMBER_OBJECT_CONVERSION = YES_AGGRESSIVE;
				CLANG_CXX_LANGUAGE_STANDARD = "gnu++20";
				CLANG_ENABLE_MODULES = YES;
				CLANG_ENABLE_OBJC_ARC = YES;
				CLANG_ENABLE_OBJC_WEAK = YES;
				CLANG_WARN_BLOCK_CAPTURE_AUTORELEASING = YES;
				CLANG_WARN_BOOL_CONVERSION = YES;
				CLANG_WARN_COMMA = YES;
				CLANG_WARN_CONSTANT_CONVERSION = YES;
				CLANG_WARN_DEPRECATED_OBJC_IMPLEMENTATIONS = YES;
				CLANG_WARN_DIRECT_OBJC_ISA_USAGE = YES_ERROR;
				CLANG_WARN_DOCUMENTATION_COMMENTS = YES;
				CLANG_WARN_EMPTY_BODY = YES;
				CLANG_WARN_ENUM_CONVERSION = YES;
				CLANG_WARN_INFINITE_RECURSION = YES;
				CLANG_WARN_INT_CONVERSION = YES;
				CLANG_WARN_NON_LITERAL_NULL_CONVERSION = YES;
				CLANG_WARN_OBJC_IMPLICIT_RETAIN_SELF = YES;
				CLANG_WARN_OBJC_LITERAL_CONVERSION = YES;
				CLANG_WARN_OBJC_ROOT_CLASS = YES_ERROR;
				CLANG_WARN_QUOTED_INCLUDE_IN_FRAMEWORK_HEADER = YES;
				CLANG_WARN_RANGE_LOOP_ANALYSIS = YES;
				CLANG_WARN_STRICT_PROTOTYPES = YES;
				CLANG_WARN_SUSPICIOUS_MOVE = YES;
				CLANG_WARN_UNGUARDED_AVAILABILITY = YES_AGGRESSIVE;
				CLANG_WARN_UNREACHABLE_CODE = YES;
				CLANG_WARN__DUPLICATE_METHOD_MATCH = YES;
				COPY_PHASE_STRIP = NO;
				DEBUG_INFORMATION_FORMAT = "dwarf-with-dsym";
				ENABLE_NS_ASSERTIONS = NO;
				ENABLE_STRICT_OBJC_MSGSEND = YES;
				GCC_C_LANGUAGE_STANDARD = gnu11;
				GCC_NO_COMMON_BLOCKS = YES;
				GCC_WARN_64_TO_32_BIT_CONVERSION = YES;
				GCC_WARN_ABOUT_RETURN_TYPE = YES_ERROR;
				GCC_WARN_UNDECLARED_SELECTOR = YES;
				GCC_WARN_UNINITIALIZED_AUTOS = YES_AGGRESSIVE;
				GCC_WARN_UNUSED_FUNCTION = YES;
				GCC_WARN_UNUSED_VARIABLE = YES;
				IPHONEOS_DEPLOYMENT_TARGET = 16.1;
				MTL_ENABLE_DEBUG_INFO = NO;
				MTL_FAST_MATH = YES;
				SDKROOT = iphoneos;
				SWIFT_COMPILATION_MODE = wholemodule;
				SWIFT_OPTIMIZATION_LEVEL = "-O";
				VALIDATE_PRODUCT = YES;
			};
			name = Release;
		};
		373C32E229C73B11002F7032 /* Debug */ = {
			isa = XCBuildConfiguration;
			buildSettings = {
				ASSETCATALOG_COMPILER_APPICON_NAME = AppIcon;
				ASSETCATALOG_COMPILER_GLOBAL_ACCENT_COLOR_NAME = AccentColor;
				CODE_SIGN_STYLE = Automatic;
				CURRENT_PROJECT_VERSION = 1;
				DEVELOPMENT_ASSET_PATHS = "\"Learn/Preview Content\"";
				DEVELOPMENT_TEAM = 8LF378D5NB;
				ENABLE_PREVIEWS = YES;
				GENERATE_INFOPLIST_FILE = YES;
				INFOPLIST_KEY_UIApplicationSceneManifest_Generation = YES;
				INFOPLIST_KEY_UIApplicationSupportsIndirectInputEvents = YES;
				INFOPLIST_KEY_UILaunchScreen_Generation = YES;
				INFOPLIST_KEY_UISupportedInterfaceOrientations_iPad = "UIInterfaceOrientationPortrait UIInterfaceOrientationPortraitUpsideDown UIInterfaceOrientationLandscapeLeft UIInterfaceOrientationLandscapeRight";
				INFOPLIST_KEY_UISupportedInterfaceOrientations_iPhone = "UIInterfaceOrientationPortrait UIInterfaceOrientationLandscapeLeft UIInterfaceOrientationLandscapeRight";
				LD_RUNPATH_SEARCH_PATHS = (
					"$(inherited)",
					"@executable_path/Frameworks",
				);
				MARKETING_VERSION = 1.0;
				PRODUCT_BUNDLE_IDENTIFIER = Civilium.Learn;
				PRODUCT_NAME = "$(TARGET_NAME)";
				SWIFT_EMIT_LOC_STRINGS = YES;
				SWIFT_VERSION = 5.0;
				TARGETED_DEVICE_FAMILY = "1,2";
			};
			name = Debug;
		};
		373C32E329C73B11002F7032 /* Release */ = {
			isa = XCBuildConfiguration;
			buildSettings = {
				ASSETCATALOG_COMPILER_APPICON_NAME = AppIcon;
				ASSETCATALOG_COMPILER_GLOBAL_ACCENT_COLOR_NAME = AccentColor;
				CODE_SIGN_STYLE = Automatic;
				CURRENT_PROJECT_VERSION = 1;
				DEVELOPMENT_ASSET_PATHS = "\"Learn/Preview Content\"";
				DEVELOPMENT_TEAM = 8LF378D5NB;
				ENABLE_PREVIEWS = YES;
				GENERATE_INFOPLIST_FILE = YES;
				INFOPLIST_KEY_UIApplicationSceneManifest_Generation = YES;
				INFOPLIST_KEY_UIApplicationSupportsIndirectInputEvents = YES;
				INFOPLIST_KEY_UILaunchScreen_Generation = YES;
				INFOPLIST_KEY_UISupportedInterfaceOrientations_iPad = "UIInterfaceOrientationPortrait UIInterfaceOrientationPortraitUpsideDown UIInterfaceOrientationLandscapeLeft UIInterfaceOrientationLandscapeRight";
				INFOPLIST_KEY_UISupportedInterfaceOrientations_iPhone = "UIInterfaceOrientationPortrait UIInterfaceOrientationLandscapeLeft UIInterfaceOrientationLandscapeRight";
				LD_RUNPATH_SEARCH_PATHS = (
					"$(inherited)",
					"@executable_path/Frameworks",
				);
				MARKETING_VERSION = 1.0;
				PRODUCT_BUNDLE_IDENTIFIER = Civilium.Learn;
				PRODUCT_NAME = "$(TARGET_NAME)";
				SWIFT_EMIT_LOC_STRINGS = YES;
				SWIFT_VERSION = 5.0;
				TARGETED_DEVICE_FAMILY = "1,2";
			};
			name = Release;
		};
		373C32E529C73B11002F7032 /* Debug */ = {
			isa = XCBuildConfiguration;
			buildSettings = {
				ALWAYS_EMBED_SWIFT_STANDARD_LIBRARIES = YES;
				BUNDLE_LOADER = "$(TEST_HOST)";
				CODE_SIGN_STYLE = Automatic;
				CURRENT_PROJECT_VERSION = 1;
				DEVELOPMENT_TEAM = 8LF378D5NB;
				GENERATE_INFOPLIST_FILE = YES;
				IPHONEOS_DEPLOYMENT_TARGET = 16.1;
				MARKETING_VERSION = 1.0;
				PRODUCT_BUNDLE_IDENTIFIER = Civilium.LearnTests;
				PRODUCT_NAME = "$(TARGET_NAME)";
				SWIFT_EMIT_LOC_STRINGS = NO;
				SWIFT_VERSION = 5.0;
				TARGETED_DEVICE_FAMILY = "1,2";
				TEST_HOST = "$(BUILT_PRODUCTS_DIR)/Learn.app/$(BUNDLE_EXECUTABLE_FOLDER_PATH)/Learn";
			};
			name = Debug;
		};
		373C32E629C73B11002F7032 /* Release */ = {
			isa = XCBuildConfiguration;
			buildSettings = {
				ALWAYS_EMBED_SWIFT_STANDARD_LIBRARIES = YES;
				BUNDLE_LOADER = "$(TEST_HOST)";
				CODE_SIGN_STYLE = Automatic;
				CURRENT_PROJECT_VERSION = 1;
				DEVELOPMENT_TEAM = 8LF378D5NB;
				GENERATE_INFOPLIST_FILE = YES;
				IPHONEOS_DEPLOYMENT_TARGET = 16.1;
				MARKETING_VERSION = 1.0;
				PRODUCT_BUNDLE_IDENTIFIER = Civilium.LearnTests;
				PRODUCT_NAME = "$(TARGET_NAME)";
				SWIFT_EMIT_LOC_STRINGS = NO;
				SWIFT_VERSION = 5.0;
				TARGETED_DEVICE_FAMILY = "1,2";
				TEST_HOST = "$(BUILT_PRODUCTS_DIR)/Learn.app/$(BUNDLE_EXECUTABLE_FOLDER_PATH)/Learn";
			};
			name = Release;
		};
		373C32E829C73B11002F7032 /* Debug */ = {
			isa = XCBuildConfiguration;
			buildSettings = {
				ALWAYS_EMBED_SWIFT_STANDARD_LIBRARIES = YES;
				CODE_SIGN_STYLE = Automatic;
				CURRENT_PROJECT_VERSION = 1;
				DEVELOPMENT_TEAM = 8LF378D5NB;
				GENERATE_INFOPLIST_FILE = YES;
				MARKETING_VERSION = 1.0;
				PRODUCT_BUNDLE_IDENTIFIER = Civilium.LearnUITests;
				PRODUCT_NAME = "$(TARGET_NAME)";
				SWIFT_EMIT_LOC_STRINGS = NO;
				SWIFT_VERSION = 5.0;
				TARGETED_DEVICE_FAMILY = "1,2";
				TEST_TARGET_NAME = Learn;
			};
			name = Debug;
		};
		373C32E929C73B11002F7032 /* Release */ = {
			isa = XCBuildConfiguration;
			buildSettings = {
				ALWAYS_EMBED_SWIFT_STANDARD_LIBRARIES = YES;
				CODE_SIGN_STYLE = Automatic;
				CURRENT_PROJECT_VERSION = 1;
				DEVELOPMENT_TEAM = 8LF378D5NB;
				GENERATE_INFOPLIST_FILE = YES;
				MARKETING_VERSION = 1.0;
				PRODUCT_BUNDLE_IDENTIFIER = Civilium.LearnUITests;
				PRODUCT_NAME = "$(TARGET_NAME)";
				SWIFT_EMIT_LOC_STRINGS = NO;
				SWIFT_VERSION = 5.0;
				TARGETED_DEVICE_FAMILY = "1,2";
				TEST_TARGET_NAME = Learn;
			};
			name = Release;
		};
/* End XCBuildConfiguration section */

/* Begin XCConfigurationList section */
		373C32B829C73B0F002F7032 /* Build configuration list for PBXProject "Learn" */ = {
			isa = XCConfigurationList;
			buildConfigurations = (
				373C32DF29C73B11002F7032 /* Debug */,
				373C32E029C73B11002F7032 /* Release */,
			);
			defaultConfigurationIsVisible = 0;
			defaultConfigurationName = Release;
		};
		373C32E129C73B11002F7032 /* Build configuration list for PBXNativeTarget "Learn" */ = {
			isa = XCConfigurationList;
			buildConfigurations = (
				373C32E229C73B11002F7032 /* Debug */,
				373C32E329C73B11002F7032 /* Release */,
			);
			defaultConfigurationIsVisible = 0;
			defaultConfigurationName = Release;
		};
		373C32E429C73B11002F7032 /* Build configuration list for PBXNativeTarget "LearnTests" */ = {
			isa = XCConfigurationList;
			buildConfigurations = (
				373C32E529C73B11002F7032 /* Debug */,
				373C32E629C73B11002F7032 /* Release */,
			);
			defaultConfigurationIsVisible = 0;
			defaultConfigurationName = Release;
		};
		373C32E729C73B11002F7032 /* Build configuration list for PBXNativeTarget "LearnUITests" */ = {
			isa = XCConfigurationList;
			buildConfigurations = (
				373C32E829C73B11002F7032 /* Debug */,
				373C32E929C73B11002F7032 /* Release */,
			);
			defaultConfigurationIsVisible = 0;
			defaultConfigurationName = Release;
		};
/* End XCConfigurationList section */
	};
	rootObject = 373C32B529C73B0F002F7032 /* Project object */;
}
